
Microsoft Visual Studio Solution File, Format Version 12.00
# Visual Studio Version 16
VisualStudioVersion = 16.0.31515.178
MinimumVisualStudioVersion = 10.0.40219.1
Project("{9A19103F-16F7-4668-BE54-9A1E7A4F7556}") = "Catalog.API", "CatalogoAPI\Catalog.API.csproj", "{DFE2881D-081F-42F8-BF9D-FD4E1A32727F}"
EndProject
Project("{9A19103F-16F7-4668-BE54-9A1E7A4F7556}") = "Catalog.Tests", "CatalogoAPI.Tests\Catalog.Tests.csproj", "{6C440F81-85D6-4DA6-8AE3-65DC00E2EB05}"
EndProject
Project("{9A19103F-16F7-4668-BE54-9A1E7A4F7556}") = "Catalog.Application", "CatalogoAPI.Application\Catalog.Application.csproj", "{D5E566E8-48B9-45EC-99E9-397317AE6BF7}"
EndProject
Project("{9A19103F-16F7-4668-BE54-9A1E7A4F7556}") = "Catalog.Domain", "CatalogoAPI.Domain\Catalog.Domain.csproj", "{0C3870A0-0419-4E64-9AB3-34D2B2384DC5}"
EndProject
Project("{FAE04EC0-301F-11D3-BF4B-00C04F79EFBC}") = "Catalog.Infrastructure", "CatalogoAPI.Infrastructure\Catalog.Infrastructure.csproj", "{B325AA87-9851-46B3-AA23-D59CEAB81BF4}"
EndProject
Global
	GlobalSection(SolutionConfigurationPlatforms) = preSolution
		Debug|Any CPU = Debug|Any CPU
		Release|Any CPU = Release|Any CPU
	EndGlobalSection
	GlobalSection(ProjectConfigurationPlatforms) = postSolution
		{DFE2881D-081F-42F8-BF9D-FD4E1A32727F}.Debug|Any CPU.ActiveCfg = Debug|Any CPU
		{DFE2881D-081F-42F8-BF9D-FD4E1A32727F}.Debug|Any CPU.Build.0 = Debug|Any CPU
		{DFE2881D-081F-42F8-BF9D-FD4E1A32727F}.Release|Any CPU.ActiveCfg = Release|Any CPU
		{DFE2881D-081F-42F8-BF9D-FD4E1A32727F}.Release|Any CPU.Build.0 = Release|Any CPU
		{6C440F81-85D6-4DA6-8AE3-65DC00E2EB05}.Debug|Any CPU.ActiveCfg = Debug|Any CPU
		{6C440F81-85D6-4DA6-8AE3-65DC00E2EB05}.Debug|Any CPU.Build.0 = Debug|Any CPU
		{6C440F81-85D6-4DA6-8AE3-65DC00E2EB05}.Release|Any CPU.ActiveCfg = Release|Any CPU
		{6C440F81-85D6-4DA6-8AE3-65DC00E2EB05}.Release|Any CPU.Build.0 = Release|Any CPU
		{D5E566E8-48B9-45EC-99E9-397317AE6BF7}.Debug|Any CPU.ActiveCfg = Debug|Any CPU
		{D5E566E8-48B9-45EC-99E9-397317AE6BF7}.Debug|Any CPU.Build.0 = Debug|Any CPU
		{D5E566E8-48B9-45EC-99E9-397317AE6BF7}.Release|Any CPU.ActiveCfg = Release|Any CPU
		{D5E566E8-48B9-45EC-99E9-397317AE6BF7}.Release|Any CPU.Build.0 = Release|Any CPU
		{0C3870A0-0419-4E64-9AB3-34D2B2384DC5}.Debug|Any CPU.ActiveCfg = Debug|Any CPU
		{0C3870A0-0419-4E64-9AB3-34D2B2384DC5}.Debug|Any CPU.Build.0 = Debug|Any CPU
		{0C3870A0-0419-4E64-9AB3-34D2B2384DC5}.Release|Any CPU.ActiveCfg = Release|Any CPU
		{0C3870A0-0419-4E64-9AB3-34D2B2384DC5}.Release|Any CPU.Build.0 = Release|Any CPU
		{B325AA87-9851-46B3-AA23-D59CEAB81BF4}.Debug|Any CPU.ActiveCfg = Debug|Any CPU
		{B325AA87-9851-46B3-AA23-D59CEAB81BF4}.Debug|Any CPU.Build.0 = Debug|Any CPU
		{B325AA87-9851-46B3-AA23-D59CEAB81BF4}.Release|Any CPU.ActiveCfg = Release|Any CPU
		{B325AA87-9851-46B3-AA23-D59CEAB81BF4}.Release|Any CPU.Build.0 = Release|Any CPU
	EndGlobalSection
	GlobalSection(SolutionProperties) = preSolution
		HideSolutionNode = FALSE
	EndGlobalSection
	GlobalSection(ExtensibilityGlobals) = postSolution
		SolutionGuid = {7541EB94-1DEF-48FA-982B-9E18AABCF3DB}
	EndGlobalSection
EndGlobal
